
Microsoft Visual Studio Solution File, Format Version 12.00
# Visual Studio Version 17
VisualStudioVersion = 17.10.34916.146
MinimumVisualStudioVersion = 10.0.40219.1
Project("{FAE04EC0-301F-11D3-BF4B-00C04F79EFBC}") = "GasTrut", "GasTrut.csproj", "{EA7BBC0A-0673-426A-9ADB-3070D8382ADA}"
EndProject
Project("{FAE04EC0-301F-11D3-BF4B-00C04F79EFBC}") = "UnitTestProject", "UnitTestProject\UnitTestProject.csproj", "{A9A88DFF-CB29-4476-882E-E984000E3A68}"
EndProject
Global
	GlobalSection(SolutionConfigurationPlatforms) = preSolution
		Debug|Any CPU = Debug|Any CPU
		Release|Any CPU = Release|Any CPU
	EndGlobalSection
	GlobalSection(ProjectConfigurationPlatforms) = postSolution
		{EA7BBC0A-0673-426A-9ADB-3070D8382ADA}.Debug|Any CPU.ActiveCfg = Debug|Any CPU
		{EA7BBC0A-0673-426A-9ADB-3070D8382ADA}.Debug|Any CPU.Build.0 = Debug|Any CPU
		{EA7BBC0A-0673-426A-9ADB-3070D8382ADA}.Release|Any CPU.ActiveCfg = Release|Any CPU
		{EA7BBC0A-0673-426A-9ADB-3070D8382ADA}.Release|Any CPU.Build.0 = Release|Any CPU
		{A9A88DFF-CB29-4476-882E-E984000E3A68}.Debug|Any CPU.ActiveCfg = Debug|Any CPU
		{A9A88DFF-CB29-4476-882E-E984000E3A68}.Debug|Any CPU.Build.0 = Debug|Any CPU
		{A9A88DFF-CB29-4476-882E-E984000E3A68}.Release|Any CPU.ActiveCfg = Release|Any CPU
		{A9A88DFF-CB29-4476-882E-E984000E3A68}.Release|Any CPU.Build.0 = Release|Any CPU
	EndGlobalSection
	GlobalSection(SolutionProperties) = preSolution
		HideSolutionNode = FALSE
	EndGlobalSection
	GlobalSection(ExtensibilityGlobals) = postSolution
		SolutionGuid = {4E2DC124-0EF2-4CB6-8F5E-4FE5ECB06A62}
	EndGlobalSection
EndGlobal
